schema: '2.0'
stages:
  stage_name:
    cmd: python src\stage_01_get_data.py --config=configs/config.yaml
    deps:
    - path: configs/config.yaml
      md5: 8e72450785fb94aa875f3ec78853811c
      size: 496
    - path: src/stage_01_get_data.py
      md5: d9126aab3aa242b5cb4b8ccd44e625ed
      size: 1405
    - path: src/utils/common.py
      md5: 7d39c65a66e0911745f862474d060083
      size: 986
    outs:
    - path: data/cat
      md5: 59bfed4cafc791ee16a2d47097607129.dir
      size: 215612
      nfiles: 10
    - path: data/dog
      md5: 037680183a649cbbe2d5c6d73fe96912.dir
      size: 266969
      nfiles: 10
  get_data:
    cmd: python src\stage_01_get_data.py --config=configs/config.yaml
    deps:
    - path: configs/config.yaml
      md5: 8e72450785fb94aa875f3ec78853811c
      size: 496
    - path: src/stage_01_get_data.py
      md5: 8f19ea4b46c73047dc29d53b138a5e86
      size: 1296
    - path: src/utils/common.py
      md5: 2af503e6b7a2b874fa99073e4327e318
      size: 1326
    outs:
    - path: data/cat
      md5: 59bfed4cafc791ee16a2d47097607129.dir
      size: 215612
      nfiles: 10
    - path: data/dog
      md5: 037680183a649cbbe2d5c6d73fe96912.dir
      size: 266969
      nfiles: 10
  prepare_model:
    cmd: python src\stage_02_prepare_base_model.py --config=configs/config.yaml --params=params.yaml
    deps:
    - path: configs/config.yaml
      md5: 8e72450785fb94aa875f3ec78853811c
      size: 496
    - path: data/cat
      md5: 59bfed4cafc791ee16a2d47097607129.dir
      size: 215612
      nfiles: 10
    - path: data/dog
      md5: 037680183a649cbbe2d5c6d73fe96912.dir
      size: 266969
      nfiles: 10
    - path: src/utils/common.py
      md5: 2af503e6b7a2b874fa99073e4327e318
      size: 1326
    - path: src\stage_02_prepare_base_model.py
      md5: 8943ca1efc4cf29e5067fe25c6fd6082
      size: 2014
    params:
      params.yaml:
        IMAGE_SIZE:
        - 224
        - 224
        - 3
        LEARNING_RATE: 0.001
    outs:
    - path: artifacts/base_model/base_model.h5
      md5: 922ef7e0db8718dd2e26f79deeb86ccb
      size: 58920232
    - path: artifacts/base_model/updated_base_model.h5
      md5: aae3ba152508d52936f9179373302af7
      size: 59131968
  prepare_callback:
    cmd: python src/stage_03_prepare_callback.py --config=configs/config.yaml
    deps:
    - path: configs/config.yaml
      md5: 8e72450785fb94aa875f3ec78853811c
      size: 496
    - path: params.yaml
      md5: 2a8f6fe05b316530ae2a27912d83fa2a
      size: 216
    - path: src/stage_03_prepare_callback.py
      md5: e3e8ef3885799ae90e9ba10d18f7efe5
      size: 1328
    - path: src/utils/callbacks.py
      md5: 94838d7a2faf6597ab99c0e9bbc5cd2b
      size: 2159
    - path: src/utils/common.py
      md5: 2af503e6b7a2b874fa99073e4327e318
      size: 1326
    outs:
    - path: artifacts/callbacks/checkpoint_cb.cb
      md5: 1be6234a6fe46f2ae49e96b0922fdcd5
      size: 718
    - path: artifacts/callbacks/tensorboard_cb.cb
      md5: 2ed7bd83e07e161bd39ea9f05e9ebd6f
      size: 549
